
Microsoft Visual Studio Solution File, Format Version 12.00
# Visual Studio Version 17
VisualStudioVersion = 17.2.32616.157
MinimumVisualStudioVersion = 10.0.40219.1
Project("{9A19103F-16F7-4668-BE54-9A1E7A4F7556}") = "WepAPI", "Backend\WepAPI.csproj", "{92CA3030-8C8F-414A-8FBE-60D85A56C93C}"
	ProjectSection(ProjectDependencies) = postProject
		{10DD7FD3-2E85-4F72-9449-7A652005A2B6} = {10DD7FD3-2E85-4F72-9449-7A652005A2B6}
		{385B0153-BFF9-45F3-9D16-D10AC87D1C26} = {385B0153-BFF9-45F3-9D16-D10AC87D1C26}
		{390A9E12-AF7E-44EB-B200-813372D146DF} = {390A9E12-AF7E-44EB-B200-813372D146DF}
		{8098F06F-D749-4DDD-94A8-38979A108A02} = {8098F06F-D749-4DDD-94A8-38979A108A02}
		{CC4DE4CB-9564-47EA-8ACE-D2D44D50C959} = {CC4DE4CB-9564-47EA-8ACE-D2D44D50C959}
		{D9ECC469-636E-48A1-BB83-BA2F709824EA} = {D9ECC469-636E-48A1-BB83-BA2F709824EA}
	EndProjectSection
EndProject
Project("{9A19103F-16F7-4668-BE54-9A1E7A4F7556}") = "Models", "Models\Models.csproj", "{8098F06F-D749-4DDD-94A8-38979A108A02}"
EndProject
Project("{9A19103F-16F7-4668-BE54-9A1E7A4F7556}") = "Services", "Services\Services.csproj", "{CC4DE4CB-9564-47EA-8ACE-D2D44D50C959}"
	ProjectSection(ProjectDependencies) = postProject
		{10DD7FD3-2E85-4F72-9449-7A652005A2B6} = {10DD7FD3-2E85-4F72-9449-7A652005A2B6}
		{385B0153-BFF9-45F3-9D16-D10AC87D1C26} = {385B0153-BFF9-45F3-9D16-D10AC87D1C26}
		{8098F06F-D749-4DDD-94A8-38979A108A02} = {8098F06F-D749-4DDD-94A8-38979A108A02}
		{D9ECC469-636E-48A1-BB83-BA2F709824EA} = {D9ECC469-636E-48A1-BB83-BA2F709824EA}
	EndProjectSection
EndProject
Project("{9A19103F-16F7-4668-BE54-9A1E7A4F7556}") = "Mapper", "Mapper\Mapper.csproj", "{D9ECC469-636E-48A1-BB83-BA2F709824EA}"
	ProjectSection(ProjectDependencies) = postProject
		{385B0153-BFF9-45F3-9D16-D10AC87D1C26} = {385B0153-BFF9-45F3-9D16-D10AC87D1C26}
		{8098F06F-D749-4DDD-94A8-38979A108A02} = {8098F06F-D749-4DDD-94A8-38979A108A02}
	EndProjectSection
EndProject
Project("{9A19103F-16F7-4668-BE54-9A1E7A4F7556}") = "Data.Repositories", "Data.Repositories\Data.Repositories.csproj", "{10DD7FD3-2E85-4F72-9449-7A652005A2B6}"
	ProjectSection(ProjectDependencies) = postProject
		{385B0153-BFF9-45F3-9D16-D10AC87D1C26} = {385B0153-BFF9-45F3-9D16-D10AC87D1C26}
		{8098F06F-D749-4DDD-94A8-38979A108A02} = {8098F06F-D749-4DDD-94A8-38979A108A02}
	EndProjectSection
EndProject
Project("{9A19103F-16F7-4668-BE54-9A1E7A4F7556}") = "Data.Configuration", "Data.Configuration\Data.Configuration.csproj", "{50805B2D-15F2-457E-9743-5BD1F15532D2}"
	ProjectSection(ProjectDependencies) = postProject
		{8098F06F-D749-4DDD-94A8-38979A108A02} = {8098F06F-D749-4DDD-94A8-38979A108A02}
	EndProjectSection
EndProject
Project("{9A19103F-16F7-4668-BE54-9A1E7A4F7556}") = "Data", "Data\Data.csproj", "{390A9E12-AF7E-44EB-B200-813372D146DF}"
	ProjectSection(ProjectDependencies) = postProject
		{50805B2D-15F2-457E-9743-5BD1F15532D2} = {50805B2D-15F2-457E-9743-5BD1F15532D2}
		{8098F06F-D749-4DDD-94A8-38979A108A02} = {8098F06F-D749-4DDD-94A8-38979A108A02}
	EndProjectSection
EndProject
Project("{9A19103F-16F7-4668-BE54-9A1E7A4F7556}") = "Data.Infrastructure", "Data.Infrastructure\Data.Infrastructure.csproj", "{385B0153-BFF9-45F3-9D16-D10AC87D1C26}"
	ProjectSection(ProjectDependencies) = postProject
		{390A9E12-AF7E-44EB-B200-813372D146DF} = {390A9E12-AF7E-44EB-B200-813372D146DF}
		{8098F06F-D749-4DDD-94A8-38979A108A02} = {8098F06F-D749-4DDD-94A8-38979A108A02}
	EndProjectSection
EndProject
Global
	GlobalSection(SolutionConfigurationPlatforms) = preSolution
		Debug|Any CPU = Debug|Any CPU
		Release|Any CPU = Release|Any CPU
	EndGlobalSection
	GlobalSection(ProjectConfigurationPlatforms) = postSolution
		{92CA3030-8C8F-414A-8FBE-60D85A56C93C}.Debug|Any CPU.ActiveCfg = Debug|Any CPU
		{92CA3030-8C8F-414A-8FBE-60D85A56C93C}.Debug|Any CPU.Build.0 = Debug|Any CPU
		{92CA3030-8C8F-414A-8FBE-60D85A56C93C}.Release|Any CPU.ActiveCfg = Release|Any CPU
		{92CA3030-8C8F-414A-8FBE-60D85A56C93C}.Release|Any CPU.Build.0 = Release|Any CPU
		{8098F06F-D749-4DDD-94A8-38979A108A02}.Debug|Any CPU.ActiveCfg = Debug|Any CPU
		{8098F06F-D749-4DDD-94A8-38979A108A02}.Debug|Any CPU.Build.0 = Debug|Any CPU
		{8098F06F-D749-4DDD-94A8-38979A108A02}.Release|Any CPU.ActiveCfg = Release|Any CPU
		{8098F06F-D749-4DDD-94A8-38979A108A02}.Release|Any CPU.Build.0 = Release|Any CPU
		{CC4DE4CB-9564-47EA-8ACE-D2D44D50C959}.Debug|Any CPU.ActiveCfg = Debug|Any CPU
		{CC4DE4CB-9564-47EA-8ACE-D2D44D50C959}.Debug|Any CPU.Build.0 = Debug|Any CPU
		{CC4DE4CB-9564-47EA-8ACE-D2D44D50C959}.Release|Any CPU.ActiveCfg = Release|Any CPU
		{CC4DE4CB-9564-47EA-8ACE-D2D44D50C959}.Release|Any CPU.Build.0 = Release|Any CPU
		{D9ECC469-636E-48A1-BB83-BA2F709824EA}.Debug|Any CPU.ActiveCfg = Debug|Any CPU
		{D9ECC469-636E-48A1-BB83-BA2F709824EA}.Debug|Any CPU.Build.0 = Debug|Any CPU
		{D9ECC469-636E-48A1-BB83-BA2F709824EA}.Release|Any CPU.ActiveCfg = Release|Any CPU
		{D9ECC469-636E-48A1-BB83-BA2F709824EA}.Release|Any CPU.Build.0 = Release|Any CPU
		{10DD7FD3-2E85-4F72-9449-7A652005A2B6}.Debug|Any CPU.ActiveCfg = Debug|Any CPU
		{10DD7FD3-2E85-4F72-9449-7A652005A2B6}.Debug|Any CPU.Build.0 = Debug|Any CPU
		{10DD7FD3-2E85-4F72-9449-7A652005A2B6}.Release|Any CPU.ActiveCfg = Release|Any CPU
		{10DD7FD3-2E85-4F72-9449-7A652005A2B6}.Release|Any CPU.Build.0 = Release|Any CPU
		{50805B2D-15F2-457E-9743-5BD1F15532D2}.Debug|Any CPU.ActiveCfg = Debug|Any CPU
		{50805B2D-15F2-457E-9743-5BD1F15532D2}.Debug|Any CPU.Build.0 = Debug|Any CPU
		{50805B2D-15F2-457E-9743-5BD1F15532D2}.Release|Any CPU.ActiveCfg = Release|Any CPU
		{50805B2D-15F2-457E-9743-5BD1F15532D2}.Release|Any CPU.Build.0 = Release|Any CPU
		{390A9E12-AF7E-44EB-B200-813372D146DF}.Debug|Any CPU.ActiveCfg = Debug|Any CPU
		{390A9E12-AF7E-44EB-B200-813372D146DF}.Debug|Any CPU.Build.0 = Debug|Any CPU
		{390A9E12-AF7E-44EB-B200-813372D146DF}.Release|Any CPU.ActiveCfg = Release|Any CPU
		{390A9E12-AF7E-44EB-B200-813372D146DF}.Release|Any CPU.Build.0 = Release|Any CPU
		{385B0153-BFF9-45F3-9D16-D10AC87D1C26}.Debug|Any CPU.ActiveCfg = Debug|Any CPU
		{385B0153-BFF9-45F3-9D16-D10AC87D1C26}.Debug|Any CPU.Build.0 = Debug|Any CPU
		{385B0153-BFF9-45F3-9D16-D10AC87D1C26}.Release|Any CPU.ActiveCfg = Release|Any CPU
		{385B0153-BFF9-45F3-9D16-D10AC87D1C26}.Release|Any CPU.Build.0 = Release|Any CPU
	EndGlobalSection
	GlobalSection(SolutionProperties) = preSolution
		HideSolutionNode = FALSE
	EndGlobalSection
	GlobalSection(ExtensibilityGlobals) = postSolution
		SolutionGuid = {AE11CD37-B235-461F-AD8B-B433DEC5DE0E}
	EndGlobalSection
EndGlobal
